
Microsoft Visual Studio Solution File, Format Version 12.00
# Visual Studio 15
VisualStudioVersion = 15.0.28307.902
MinimumVisualStudioVersion = 10.0.40219.1
Project("{FAE04EC0-301F-11D3-BF4B-00C04F79EFBC}") = "IntellisenseCreateControl", "IntellisenseCreateControl\IntellisenseCreateControl.csproj", "{8FB273D7-28F1-4043-8050-0FC824DB0757}"
EndProject
Global
	GlobalSection(SolutionConfigurationPlatforms) = preSolution
		Debug|Any CPU = Debug|Any CPU
		Release|Any CPU = Release|Any CPU
	EndGlobalSection
	GlobalSection(ProjectConfigurationPlatforms) = postSolution
		{8FB273D7-28F1-4043-8050-0FC824DB0757}.Debug|Any CPU.ActiveCfg = Debug|Any CPU
		{8FB273D7-28F1-4043-8050-0FC824DB0757}.Debug|Any CPU.Build.0 = Debug|Any CPU
		{8FB273D7-28F1-4043-8050-0FC824DB0757}.Release|Any CPU.ActiveCfg = Release|Any CPU
		{8FB273D7-28F1-4043-8050-0FC824DB0757}.Release|Any CPU.Build.0 = Release|Any CPU
	EndGlobalSection
	GlobalSection(SolutionProperties) = preSolution
		HideSolutionNode = FALSE
	EndGlobalSection
	GlobalSection(ExtensibilityGlobals) = postSolution
		SolutionGuid = {F320C534-D54E-4CFA-91A5-A4099384D781}
	EndGlobalSection
EndGlobal
