
Microsoft Visual Studio Solution File, Format Version 12.00
# Visual Studio 15
VisualStudioVersion = 15.0.28307.902
MinimumVisualStudioVersion = 10.0.40219.1
Project("{FAE04EC0-301F-11D3-BF4B-00C04F79EFBC}") = "CreateProjectWithDte", "CreateProjectWithDte\CreateProjectWithDte.csproj", "{2F2D6141-4E48-42B6-876C-E12B6CCA216C}"
EndProject
Global
	GlobalSection(SolutionConfigurationPlatforms) = preSolution
		Debug|Any CPU = Debug|Any CPU
		Release|Any CPU = Release|Any CPU
	EndGlobalSection
	GlobalSection(ProjectConfigurationPlatforms) = postSolution
		{2F2D6141-4E48-42B6-876C-E12B6CCA216C}.Debug|Any CPU.ActiveCfg = Debug|Any CPU
		{2F2D6141-4E48-42B6-876C-E12B6CCA216C}.Debug|Any CPU.Build.0 = Debug|Any CPU
		{2F2D6141-4E48-42B6-876C-E12B6CCA216C}.Release|Any CPU.ActiveCfg = Release|Any CPU
		{2F2D6141-4E48-42B6-876C-E12B6CCA216C}.Release|Any CPU.Build.0 = Release|Any CPU
	EndGlobalSection
	GlobalSection(SolutionProperties) = preSolution
		HideSolutionNode = FALSE
	EndGlobalSection
	GlobalSection(ExtensibilityGlobals) = postSolution
		SolutionGuid = {D6AABD3E-D05D-4ED4-B4F6-F44D5C9455AC}
	EndGlobalSection
EndGlobal
