
Microsoft Visual Studio Solution File, Format Version 12.00
# Visual Studio 15
VisualStudioVersion = 15.0.28307.902
MinimumVisualStudioVersion = 10.0.40219.1
Project("{FAE04EC0-301F-11D3-BF4B-00C04F79EFBC}") = "MultipleRemoteDeployment", "MultipleRemoteDeployment\MultipleRemoteDeployment.csproj", "{69BC3283-410E-4CAA-A1ED-18D8C64B42BA}"
EndProject
Project("{FE7A1B72-C5B7-4D7C-BB7D-76384D4DE8E1}") = "TcHmiProject1", "TcHmiProject1\TcHmiProject1.hmiproj", "{CA3C69F4-303A-4012-BC33-3F045216BC37}"
EndProject
Global
	GlobalSection(SolutionConfigurationPlatforms) = preSolution
		Debug|Any CPU = Debug|Any CPU
		Debug|TwinCAT HMI = Debug|TwinCAT HMI
		Release|Any CPU = Release|Any CPU
		Release|TwinCAT HMI = Release|TwinCAT HMI
	EndGlobalSection
	GlobalSection(ProjectConfigurationPlatforms) = postSolution
		{69BC3283-410E-4CAA-A1ED-18D8C64B42BA}.Debug|Any CPU.ActiveCfg = Debug|Any CPU
		{69BC3283-410E-4CAA-A1ED-18D8C64B42BA}.Debug|Any CPU.Build.0 = Debug|Any CPU
		{69BC3283-410E-4CAA-A1ED-18D8C64B42BA}.Debug|TwinCAT HMI.ActiveCfg = Debug|Any CPU
		{69BC3283-410E-4CAA-A1ED-18D8C64B42BA}.Debug|TwinCAT HMI.Build.0 = Debug|Any CPU
		{69BC3283-410E-4CAA-A1ED-18D8C64B42BA}.Release|Any CPU.ActiveCfg = Release|Any CPU
		{69BC3283-410E-4CAA-A1ED-18D8C64B42BA}.Release|Any CPU.Build.0 = Release|Any CPU
		{69BC3283-410E-4CAA-A1ED-18D8C64B42BA}.Release|TwinCAT HMI.ActiveCfg = Release|Any CPU
		{69BC3283-410E-4CAA-A1ED-18D8C64B42BA}.Release|TwinCAT HMI.Build.0 = Release|Any CPU
		{CA3C69F4-303A-4012-BC33-3F045216BC37}.Debug|Any CPU.ActiveCfg = Debug|TwinCAT HMI
		{CA3C69F4-303A-4012-BC33-3F045216BC37}.Debug|TwinCAT HMI.ActiveCfg = Debug|TwinCAT HMI
		{CA3C69F4-303A-4012-BC33-3F045216BC37}.Debug|TwinCAT HMI.Build.0 = Debug|TwinCAT HMI
		{CA3C69F4-303A-4012-BC33-3F045216BC37}.Release|Any CPU.ActiveCfg = Release|TwinCAT HMI
		{CA3C69F4-303A-4012-BC33-3F045216BC37}.Release|TwinCAT HMI.ActiveCfg = Release|TwinCAT HMI
		{CA3C69F4-303A-4012-BC33-3F045216BC37}.Release|TwinCAT HMI.Build.0 = Release|TwinCAT HMI
	EndGlobalSection
	GlobalSection(SolutionProperties) = preSolution
		HideSolutionNode = FALSE
	EndGlobalSection
	GlobalSection(ExtensibilityGlobals) = postSolution
		SolutionGuid = {53BD2E70-05C1-48BE-86EC-397B14536F1A}
	EndGlobalSection
EndGlobal
