
Microsoft Visual Studio Solution File, Format Version 12.00
# Visual Studio 15
VisualStudioVersion = 15.0.28307.902
MinimumVisualStudioVersion = 10.0.40219.1
Project("{FAE04EC0-301F-11D3-BF4B-00C04F79EFBC}") = "VsixShowAllAttributes", "VsixShowAllAttributes\VsixShowAllAttributes.csproj", "{2D8AEBDA-24D8-4E9D-A263-8CD9C1BE215B}"
EndProject
Global
	GlobalSection(SolutionConfigurationPlatforms) = preSolution
		Debug|Any CPU = Debug|Any CPU
		Release|Any CPU = Release|Any CPU
	EndGlobalSection
	GlobalSection(ProjectConfigurationPlatforms) = postSolution
		{2D8AEBDA-24D8-4E9D-A263-8CD9C1BE215B}.Debug|Any CPU.ActiveCfg = Debug|Any CPU
		{2D8AEBDA-24D8-4E9D-A263-8CD9C1BE215B}.Debug|Any CPU.Build.0 = Debug|Any CPU
		{2D8AEBDA-24D8-4E9D-A263-8CD9C1BE215B}.Release|Any CPU.ActiveCfg = Release|Any CPU
		{2D8AEBDA-24D8-4E9D-A263-8CD9C1BE215B}.Release|Any CPU.Build.0 = Release|Any CPU
	EndGlobalSection
	GlobalSection(SolutionProperties) = preSolution
		HideSolutionNode = FALSE
	EndGlobalSection
	GlobalSection(ExtensibilityGlobals) = postSolution
		SolutionGuid = {67C3A360-2EA3-4AE6-9575-906F8A621F4A}
	EndGlobalSection
EndGlobal
